
Microsoft Visual Studio Solution File, Format Version 12.00
# Visual Studio Version 16
VisualStudioVersion = 16.0.29911.84
MinimumVisualStudioVersion = 10.0.40219.1
Project("{9A19103F-16F7-4668-BE54-9A1E7A4F7556}") = "DistribuidoraDoChines.Api", "DistribuidoraDoChines.Api\DistribuidoraDoChines.Api.csproj", "{C08FD24F-F4A6-4963-815E-BAAAFB25BFC4}"
EndProject
Project("{9A19103F-16F7-4668-BE54-9A1E7A4F7556}") = "DistribuidoraDoChines.Commons", "DistribuidoraDoChines.Commons\DistribuidoraDoChines.Commons.csproj", "{5512CEE4-1E0B-41E9-A14E-4AA12FF952FB}"
EndProject
Project("{9A19103F-16F7-4668-BE54-9A1E7A4F7556}") = "DistribuidoraDoChines.Mvc", "DistribuidoraDoChines.Mvc\DistribuidoraDoChines.Mvc.csproj", "{245E96FB-B91B-49E7-9612-1FA401353498}"
EndProject
Global
	GlobalSection(SolutionConfigurationPlatforms) = preSolution
		Debug|Any CPU = Debug|Any CPU
		Release|Any CPU = Release|Any CPU
	EndGlobalSection
	GlobalSection(ProjectConfigurationPlatforms) = postSolution
		{C08FD24F-F4A6-4963-815E-BAAAFB25BFC4}.Debug|Any CPU.ActiveCfg = Debug|Any CPU
		{C08FD24F-F4A6-4963-815E-BAAAFB25BFC4}.Debug|Any CPU.Build.0 = Debug|Any CPU
		{C08FD24F-F4A6-4963-815E-BAAAFB25BFC4}.Release|Any CPU.ActiveCfg = Release|Any CPU
		{C08FD24F-F4A6-4963-815E-BAAAFB25BFC4}.Release|Any CPU.Build.0 = Release|Any CPU
		{5512CEE4-1E0B-41E9-A14E-4AA12FF952FB}.Debug|Any CPU.ActiveCfg = Debug|Any CPU
		{5512CEE4-1E0B-41E9-A14E-4AA12FF952FB}.Debug|Any CPU.Build.0 = Debug|Any CPU
		{5512CEE4-1E0B-41E9-A14E-4AA12FF952FB}.Release|Any CPU.ActiveCfg = Release|Any CPU
		{5512CEE4-1E0B-41E9-A14E-4AA12FF952FB}.Release|Any CPU.Build.0 = Release|Any CPU
		{245E96FB-B91B-49E7-9612-1FA401353498}.Debug|Any CPU.ActiveCfg = Debug|Any CPU
		{245E96FB-B91B-49E7-9612-1FA401353498}.Debug|Any CPU.Build.0 = Debug|Any CPU
		{245E96FB-B91B-49E7-9612-1FA401353498}.Release|Any CPU.ActiveCfg = Release|Any CPU
		{245E96FB-B91B-49E7-9612-1FA401353498}.Release|Any CPU.Build.0 = Release|Any CPU
	EndGlobalSection
	GlobalSection(SolutionProperties) = preSolution
		HideSolutionNode = FALSE
	EndGlobalSection
	GlobalSection(ExtensibilityGlobals) = postSolution
		SolutionGuid = {D66FAB30-CF90-4ABA-8F1F-3938D30C9D35}
	EndGlobalSection
EndGlobal
